
Microsoft Visual Studio Solution File, Format Version 12.00
# Visual Studio Version 17
VisualStudioVersion = 17.12.35707.178
MinimumVisualStudioVersion = 10.0.40219.1
Project("{FAE04EC0-301F-11D3-BF4B-00C04F79EFBC}") = "ExpenseTracker", "ExpenseTracker\ExpenseTracker.csproj", "{E89578E7-D7FD-45E8-B1D3-35342A64E8DD}"
EndProject
Project("{2150E333-8FDC-42A3-9474-1A3956D46DE8}") = "Solution Items", "Solution Items", "{E5AA3590-3925-4E9B-ADA1-B1161EC2514C}"
	ProjectSection(SolutionItems) = preProject
		.gitignore = .gitignore
	EndProjectSection
EndProject
Global
	GlobalSection(SolutionConfigurationPlatforms) = preSolution
		Debug|Any CPU = Debug|Any CPU
		Release|Any CPU = Release|Any CPU
	EndGlobalSection
	GlobalSection(ProjectConfigurationPlatforms) = postSolution
		{E89578E7-D7FD-45E8-B1D3-35342A64E8DD}.Debug|Any CPU.ActiveCfg = Debug|Any CPU
		{E89578E7-D7FD-45E8-B1D3-35342A64E8DD}.Debug|Any CPU.Build.0 = Debug|Any CPU
		{E89578E7-D7FD-45E8-B1D3-35342A64E8DD}.Release|Any CPU.ActiveCfg = Release|Any CPU
		{E89578E7-D7FD-45E8-B1D3-35342A64E8DD}.Release|Any CPU.Build.0 = Release|Any CPU
	EndGlobalSection
	GlobalSection(SolutionProperties) = preSolution
		HideSolutionNode = FALSE
	EndGlobalSection
EndGlobal
